
Microsoft Visual Studio Solution File, Format Version 12.00
# Visual Studio Version 17
VisualStudioVersion = 17.6.33801.468
MinimumVisualStudioVersion = 10.0.40219.1
Project("{2150E333-8FDC-42A3-9474-1A3956D46DE8}") = "app", "app", "{4562C099-8123-45E3-94B7-B925B65DF306}"
EndProject
Project("{2150E333-8FDC-42A3-9474-1A3956D46DE8}") = "client", "client", "{E879A153-17E6-42DF-8B72-E0D0286F0838}"
EndProject
Project("{2150E333-8FDC-42A3-9474-1A3956D46DE8}") = "database", "database", "{BDD1D244-6A25-4548-A504-440CD9854AD8}"
EndProject
Project("{2150E333-8FDC-42A3-9474-1A3956D46DE8}") = "docs", "docs", "{848C1B43-BE11-4CE6-97DD-9B5C07939281}"
EndProject
Project("{2150E333-8FDC-42A3-9474-1A3956D46DE8}") = "test", "test", "{ECFFC25D-EF75-4B03-9A03-06E2CCC2FBDD}"
EndProject
Project("{FAE04EC0-301F-11D3-BF4B-00C04F79EFBC}") = "eTermini.App", "eTermini.App\eTermini.App.csproj", "{11BAB60E-DDB0-47E9-B6BD-B2F5AED97400}"
EndProject
Project("{FAE04EC0-301F-11D3-BF4B-00C04F79EFBC}") = "eTermini.Data", "eTermini.Data\eTermini.Data.csproj", "{222A97CE-B254-497F-8A5C-6C0E652032DD}"
EndProject
Project("{FAE04EC0-301F-11D3-BF4B-00C04F79EFBC}") = "eTermini.Models", "eTermini.Models\eTermini.Models.csproj", "{7648B6DC-C6A6-4402-87DA-73A3EBFEB76E}"
EndProject
Project("{FAE04EC0-301F-11D3-BF4B-00C04F79EFBC}") = "eTermini.Utilities", "eTermini.Utilities\eTermini.Utilities.csproj", "{249F5246-CC97-4922-95DB-DC2BCD54B6FE}"
EndProject
Project("{FAE04EC0-301F-11D3-BF4B-00C04F79EFBC}") = "Presentation", "Presentation\Presentation.csproj", "{0B5B6411-C74E-4965-A9DC-96A16CCD336C}"
EndProject
Project("{00D1A9C2-B5F0-4AF3-8072-F6C62B433612}") = "Schema", "Schema\Schema.sqlproj", "{9DB46E03-A703-410D-B860-A949DA02C662}"
EndProject
Project("{2150E333-8FDC-42A3-9474-1A3956D46DE8}") = "Scaffolding", "Scaffolding", "{77394FC1-E177-42B9-8607-388B37FE4A50}"
EndProject
Project("{FAE04EC0-301F-11D3-BF4B-00C04F79EFBC}") = "Test_eTermini", "Test_eTermini\Test_eTermini.csproj", "{681D5B2A-3AAB-475D-8478-F5AA1301B88B}"
EndProject
Global
	GlobalSection(SolutionConfigurationPlatforms) = preSolution
		Debug|Any CPU = Debug|Any CPU
		Release|Any CPU = Release|Any CPU
	EndGlobalSection
	GlobalSection(ProjectConfigurationPlatforms) = postSolution
		{11BAB60E-DDB0-47E9-B6BD-B2F5AED97400}.Debug|Any CPU.ActiveCfg = Debug|Any CPU
		{11BAB60E-DDB0-47E9-B6BD-B2F5AED97400}.Debug|Any CPU.Build.0 = Debug|Any CPU
		{11BAB60E-DDB0-47E9-B6BD-B2F5AED97400}.Release|Any CPU.ActiveCfg = Release|Any CPU
		{11BAB60E-DDB0-47E9-B6BD-B2F5AED97400}.Release|Any CPU.Build.0 = Release|Any CPU
		{222A97CE-B254-497F-8A5C-6C0E652032DD}.Debug|Any CPU.ActiveCfg = Debug|Any CPU
		{222A97CE-B254-497F-8A5C-6C0E652032DD}.Debug|Any CPU.Build.0 = Debug|Any CPU
		{222A97CE-B254-497F-8A5C-6C0E652032DD}.Release|Any CPU.ActiveCfg = Release|Any CPU
		{222A97CE-B254-497F-8A5C-6C0E652032DD}.Release|Any CPU.Build.0 = Release|Any CPU
		{7648B6DC-C6A6-4402-87DA-73A3EBFEB76E}.Debug|Any CPU.ActiveCfg = Debug|Any CPU
		{7648B6DC-C6A6-4402-87DA-73A3EBFEB76E}.Debug|Any CPU.Build.0 = Debug|Any CPU
		{7648B6DC-C6A6-4402-87DA-73A3EBFEB76E}.Release|Any CPU.ActiveCfg = Release|Any CPU
		{7648B6DC-C6A6-4402-87DA-73A3EBFEB76E}.Release|Any CPU.Build.0 = Release|Any CPU
		{249F5246-CC97-4922-95DB-DC2BCD54B6FE}.Debug|Any CPU.ActiveCfg = Debug|Any CPU
		{249F5246-CC97-4922-95DB-DC2BCD54B6FE}.Debug|Any CPU.Build.0 = Debug|Any CPU
		{249F5246-CC97-4922-95DB-DC2BCD54B6FE}.Release|Any CPU.ActiveCfg = Release|Any CPU
		{249F5246-CC97-4922-95DB-DC2BCD54B6FE}.Release|Any CPU.Build.0 = Release|Any CPU
		{0B5B6411-C74E-4965-A9DC-96A16CCD336C}.Debug|Any CPU.ActiveCfg = Debug|Any CPU
		{0B5B6411-C74E-4965-A9DC-96A16CCD336C}.Debug|Any CPU.Build.0 = Debug|Any CPU
		{0B5B6411-C74E-4965-A9DC-96A16CCD336C}.Release|Any CPU.ActiveCfg = Release|Any CPU
		{0B5B6411-C74E-4965-A9DC-96A16CCD336C}.Release|Any CPU.Build.0 = Release|Any CPU
		{9DB46E03-A703-410D-B860-A949DA02C662}.Debug|Any CPU.ActiveCfg = Debug|Any CPU
		{9DB46E03-A703-410D-B860-A949DA02C662}.Debug|Any CPU.Build.0 = Debug|Any CPU
		{9DB46E03-A703-410D-B860-A949DA02C662}.Debug|Any CPU.Deploy.0 = Debug|Any CPU
		{9DB46E03-A703-410D-B860-A949DA02C662}.Release|Any CPU.ActiveCfg = Release|Any CPU
		{9DB46E03-A703-410D-B860-A949DA02C662}.Release|Any CPU.Build.0 = Release|Any CPU
		{9DB46E03-A703-410D-B860-A949DA02C662}.Release|Any CPU.Deploy.0 = Release|Any CPU
		{681D5B2A-3AAB-475D-8478-F5AA1301B88B}.Debug|Any CPU.ActiveCfg = Debug|Any CPU
		{681D5B2A-3AAB-475D-8478-F5AA1301B88B}.Debug|Any CPU.Build.0 = Debug|Any CPU
		{681D5B2A-3AAB-475D-8478-F5AA1301B88B}.Release|Any CPU.ActiveCfg = Release|Any CPU
		{681D5B2A-3AAB-475D-8478-F5AA1301B88B}.Release|Any CPU.Build.0 = Release|Any CPU
	EndGlobalSection
	GlobalSection(SolutionProperties) = preSolution
		HideSolutionNode = FALSE
	EndGlobalSection
	GlobalSection(NestedProjects) = preSolution
		{11BAB60E-DDB0-47E9-B6BD-B2F5AED97400} = {4562C099-8123-45E3-94B7-B925B65DF306}
		{222A97CE-B254-497F-8A5C-6C0E652032DD} = {4562C099-8123-45E3-94B7-B925B65DF306}
		{7648B6DC-C6A6-4402-87DA-73A3EBFEB76E} = {4562C099-8123-45E3-94B7-B925B65DF306}
		{249F5246-CC97-4922-95DB-DC2BCD54B6FE} = {4562C099-8123-45E3-94B7-B925B65DF306}
		{0B5B6411-C74E-4965-A9DC-96A16CCD336C} = {E879A153-17E6-42DF-8B72-E0D0286F0838}
		{9DB46E03-A703-410D-B860-A949DA02C662} = {BDD1D244-6A25-4548-A504-440CD9854AD8}
		{77394FC1-E177-42B9-8607-388B37FE4A50} = {848C1B43-BE11-4CE6-97DD-9B5C07939281}
		{681D5B2A-3AAB-475D-8478-F5AA1301B88B} = {ECFFC25D-EF75-4B03-9A03-06E2CCC2FBDD}
	EndGlobalSection
	GlobalSection(ExtensibilityGlobals) = postSolution
		SolutionGuid = {D489BBEA-92E0-4F18-BD1C-BF29F7E61BB8}
	EndGlobalSection
EndGlobal
